// !$*UTF8*$!
{
	archiveVersion = 1;
	classes = {
	};
	objectVersion = 56;
	objects = {

/* Begin PBXBuildFile section */
		2A00000000000000000001 /* MenuBardApp.swift in Sources */ = {isa = PBXBuildFile; fileRef = 1A00000000000000000001 /* MenuBardApp.swift */; };
		2A00000000000000000002 /* AppDelegate.swift in Sources */ = {isa = PBXBuildFile; fileRef = 1A00000000000000000002 /* AppDelegate.swift */; };
		2A00000000000000000003 /* TodoItem.swift in Sources */ = {isa = PBXBuildFile; fileRef = 1A00000000000000000003 /* TodoItem.swift */; };
		2A00000000000000000004 /* TodoStore.swift in Sources */ = {isa = PBXBuildFile; fileRef = 1A00000000000000000004 /* TodoStore.swift */; };
		2A00000000000000000005 /* ContentView.swift in Sources */ = {isa = PBXBuildFile; fileRef = 1A00000000000000000005 /* ContentView.swift */; };
		2A00000000000000000006 /* TodoRowView.swift in Sources */ = {isa = PBXBuildFile; fileRef = 1A00000000000000000006 /* TodoRowView.swift */; };
		2A00000000000000000008 /* SettingsView.swift in Sources */ = {isa = PBXBuildFile; fileRef = 1A00000000000000000008 /* SettingsView.swift */; };
		2A00000000000000000009 /* LoginItemManager.swift in Sources */ = {isa = PBXBuildFile; fileRef = 1A00000000000000000009 /* LoginItemManager.swift */; };
		2A00000000000000000010 /* TodoListView.swift in Sources */ = {isa = PBXBuildFile; fileRef = 1A00000000000000000010 /* TodoListView.swift */; };
		2A00000000000000000011 /* TodoDropDelegate.swift in Sources */ = {isa = PBXBuildFile; fileRef = 1A00000000000000000011 /* TodoDropDelegate.swift */; };
		2A00000000000000000012 /* AppSettings.swift in Sources */ = {isa = PBXBuildFile; fileRef = 1A00000000000000000012 /* AppSettings.swift */; };
		2A00000000000000000013 /* GlobalHotkey.swift in Sources */ = {isa = PBXBuildFile; fileRef = 1A00000000000000000013 /* GlobalHotkey.swift */; };
		2A00000000000000000014 /* HotkeyRecorderView.swift in Sources */ = {isa = PBXBuildFile; fileRef = 1A00000000000000000014 /* HotkeyRecorderView.swift */; };
		2A00000000000000000015 /* Typography.swift in Sources */ = {isa = PBXBuildFile; fileRef = 1A00000000000000000015 /* Typography.swift */; };
		2A00000000000000000016 /* DragSession.swift in Sources */ = {isa = PBXBuildFile; fileRef = 1A00000000000000000016 /* DragSession.swift */; };
		9B488D9B2F9DDBFA008EA699 /* Assets.xcassets in Resources */ = {isa = PBXBuildFile; fileRef = 9B488D9A2F9DDBFA008EA699 /* Assets.xcassets */; };
/* End PBXBuildFile section */

/* Begin PBXFileReference section */
		1A00000000000000000001 /* MenuBardApp.swift */ = {isa = PBXFileReference; lastKnownFileType = sourcecode.swift; path = MenuBardApp.swift; sourceTree = "<group>"; };
		1A00000000000000000002 /* AppDelegate.swift */ = {isa = PBXFileReference; lastKnownFileType = sourcecode.swift; path = AppDelegate.swift; sourceTree = "<group>"; };
		1A00000000000000000003 /* TodoItem.swift */ = {isa = PBXFileReference; lastKnownFileType = sourcecode.swift; path = TodoItem.swift; sourceTree = "<group>"; };
		1A00000000000000000004 /* TodoStore.swift */ = {isa = PBXFileReference; lastKnownFileType = sourcecode.swift; path = TodoStore.swift; sourceTree = "<group>"; };
		1A00000000000000000005 /* ContentView.swift */ = {isa = PBXFileReference; lastKnownFileType = sourcecode.swift; path = ContentView.swift; sourceTree = "<group>"; };
		1A00000000000000000006 /* TodoRowView.swift */ = {isa = PBXFileReference; lastKnownFileType = sourcecode.swift; path = TodoRowView.swift; sourceTree = "<group>"; };
		1A00000000000000000008 /* SettingsView.swift */ = {isa = PBXFileReference; lastKnownFileType = sourcecode.swift; path = SettingsView.swift; sourceTree = "<group>"; };
		1A00000000000000000009 /* LoginItemManager.swift */ = {isa = PBXFileReference; lastKnownFileType = sourcecode.swift; path = LoginItemManager.swift; sourceTree = "<group>"; };
		1A0000000000000000000A /* Info.plist */ = {isa = PBXFileReference; lastKnownFileType = text.plist.xml; path = Info.plist; sourceTree = "<group>"; };
		1A00000000000000000010 /* TodoListView.swift */ = {isa = PBXFileReference; lastKnownFileType = sourcecode.swift; path = TodoListView.swift; sourceTree = "<group>"; };
		1A00000000000000000011 /* TodoDropDelegate.swift */ = {isa = PBXFileReference; lastKnownFileType = sourcecode.swift; path = TodoDropDelegate.swift; sourceTree = "<group>"; };
		1A00000000000000000012 /* AppSettings.swift */ = {isa = PBXFileReference; lastKnownFileType = sourcecode.swift; path = AppSettings.swift; sourceTree = "<group>"; };
		1A00000000000000000013 /* GlobalHotkey.swift */ = {isa = PBXFileReference; lastKnownFileType = sourcecode.swift; path = GlobalHotkey.swift; sourceTree = "<group>"; };
		1A00000000000000000014 /* HotkeyRecorderView.swift */ = {isa = PBXFileReference; lastKnownFileType = sourcecode.swift; path = HotkeyRecorderView.swift; sourceTree = "<group>"; };
		1A00000000000000000015 /* Typography.swift */ = {isa = PBXFileReference; lastKnownFileType = sourcecode.swift; path = Typography.swift; sourceTree = "<group>"; };
		1A00000000000000000016 /* DragSession.swift */ = {isa = PBXFileReference; lastKnownFileType = sourcecode.swift; path = DragSession.swift; sourceTree = "<group>"; };
			9A00000000000000000001 /* Jet10.app */ = {isa = PBXFileReference; explicitFileType = wrapper.application; includeInIndex = 0; path = Jet10.app; sourceTree = BUILT_PRODUCTS_DIR; };
		9B488D9A2F9DDBFA008EA699 /* Assets.xcassets */ = {isa = PBXFileReference; lastKnownFileType = folder.assetcatalog; path = Assets.xcassets; sourceTree = "<group>"; };
/* End PBXFileReference section */

/* Begin PBXFrameworksBuildPhase section */
		8A00000000000000000003 /* Frameworks */ = {
			isa = PBXFrameworksBuildPhase;
			buildActionMask = 2147483647;
			files = (
			);
			runOnlyForDeploymentPostprocessing = 0;
		};
/* End PBXFrameworksBuildPhase section */

/* Begin PBXGroup section */
		3A00000000000000000001 = {
			isa = PBXGroup;
			children = (
				3A00000000000000000002 /* MenuBard */,
				3A00000000000000000007 /* Products */,
			);
			sourceTree = "<group>";
		};
		3A00000000000000000002 /* MenuBard */ = {
			isa = PBXGroup;
			children = (
				1A00000000000000000001 /* MenuBardApp.swift */,
				1A00000000000000000002 /* AppDelegate.swift */,
				1A0000000000000000000A /* Info.plist */,
				3A00000000000000000003 /* Models */,
				3A00000000000000000004 /* ViewModels */,
				3A00000000000000000005 /* Views */,
				3A00000000000000000006 /* Helpers */,
				9B488D9A2F9DDBFA008EA699 /* Assets.xcassets */,
			);
			path = MenuBard;
			sourceTree = "<group>";
		};
		3A00000000000000000003 /* Models */ = {
			isa = PBXGroup;
			children = (
				1A00000000000000000003 /* TodoItem.swift */,
			);
			path = Models;
			sourceTree = "<group>";
		};
		3A00000000000000000004 /* ViewModels */ = {
			isa = PBXGroup;
			children = (
				1A00000000000000000004 /* TodoStore.swift */,
				1A00000000000000000012 /* AppSettings.swift */,
			);
			path = ViewModels;
			sourceTree = "<group>";
		};
		3A00000000000000000005 /* Views */ = {
			isa = PBXGroup;
			children = (
				1A00000000000000000005 /* ContentView.swift */,
				1A00000000000000000006 /* TodoRowView.swift */,
				1A00000000000000000008 /* SettingsView.swift */,
				1A00000000000000000010 /* TodoListView.swift */,
				1A00000000000000000011 /* TodoDropDelegate.swift */,
				1A00000000000000000016 /* DragSession.swift */,
				1A00000000000000000014 /* HotkeyRecorderView.swift */,
			);
			path = Views;
			sourceTree = "<group>";
		};
		3A00000000000000000006 /* Helpers */ = {
			isa = PBXGroup;
			children = (
				1A00000000000000000009 /* LoginItemManager.swift */,
				1A00000000000000000013 /* GlobalHotkey.swift */,
				1A00000000000000000015 /* Typography.swift */,
			);
			path = Helpers;
			sourceTree = "<group>";
		};
		3A00000000000000000007 /* Products */ = {
			isa = PBXGroup;
			children = (
					9A00000000000000000001 /* Jet10.app */,
			);
			name = Products;
			sourceTree = "<group>";
		};
/* End PBXGroup section */

/* Begin PBXNativeTarget section */
			6A00000000000000000001 /* MenuBard */ = {
			isa = PBXNativeTarget;
			buildConfigurationList = 5A00000000000000000002 /* Build configuration list for PBXNativeTarget "MenuBard" */;
			buildPhases = (
				8A00000000000000000001 /* Sources */,
				8A00000000000000000003 /* Frameworks */,
				8A00000000000000000002 /* Resources */,
			);
			buildRules = (
			);
			dependencies = (
			);
			name = MenuBard;
				productName = Jet10;
				productReference = 9A00000000000000000001 /* Jet10.app */;
			productType = "com.apple.product-type.application";
		};
/* End PBXNativeTarget section */

/* Begin PBXProject section */
		7A00000000000000000001 /* Project object */ = {
			isa = PBXProject;
			attributes = {
				BuildIndependentTargetsInParallel = 1;
				LastSwiftUpdateCheck = 1500;
				LastUpgradeCheck = 2640;
				TargetAttributes = {
					6A00000000000000000001 = {
						CreatedOnToolsVersion = 15.0;
					};
				};
			};
			buildConfigurationList = 5A00000000000000000001 /* Build configuration list for PBXProject "MenuBard" */;
			compatibilityVersion = "Xcode 14.0";
			developmentRegion = en;
			hasScannedForEncodings = 0;
			knownRegions = (
				en,
				Base,
			);
			mainGroup = 3A00000000000000000001;
			productRefGroup = 3A00000000000000000007 /* Products */;
			projectDirPath = "";
			projectRoot = "";
			targets = (
				6A00000000000000000001 /* MenuBard */,
			);
		};
/* End PBXProject section */

/* Begin PBXResourcesBuildPhase section */
		8A00000000000000000002 /* Resources */ = {
			isa = PBXResourcesBuildPhase;
			buildActionMask = 2147483647;
			files = (
				9B488D9B2F9DDBFA008EA699 /* Assets.xcassets in Resources */,
			);
			runOnlyForDeploymentPostprocessing = 0;
		};
/* End PBXResourcesBuildPhase section */

/* Begin PBXSourcesBuildPhase section */
		8A00000000000000000001 /* Sources */ = {
			isa = PBXSourcesBuildPhase;
			buildActionMask = 2147483647;
			files = (
				2A00000000000000000001 /* MenuBardApp.swift in Sources */,
				2A00000000000000000002 /* AppDelegate.swift in Sources */,
				2A00000000000000000003 /* TodoItem.swift in Sources */,
				2A00000000000000000004 /* TodoStore.swift in Sources */,
				2A00000000000000000005 /* ContentView.swift in Sources */,
				2A00000000000000000006 /* TodoRowView.swift in Sources */,
				2A00000000000000000008 /* SettingsView.swift in Sources */,
				2A00000000000000000009 /* LoginItemManager.swift in Sources */,
				2A00000000000000000010 /* TodoListView.swift in Sources */,
				2A00000000000000000011 /* TodoDropDelegate.swift in Sources */,
				2A00000000000000000012 /* AppSettings.swift in Sources */,
				2A00000000000000000013 /* GlobalHotkey.swift in Sources */,
				2A00000000000000000014 /* HotkeyRecorderView.swift in Sources */,
				2A00000000000000000015 /* Typography.swift in Sources */,
				2A00000000000000000016 /* DragSession.swift in Sources */,
			);
			runOnlyForDeploymentPostprocessing = 0;
		};
/* End PBXSourcesBuildPhase section */

/* Begin XCBuildConfiguration section */
		4A00000000000000000001 /* Debug */ = {
			isa = XCBuildConfiguration;
			buildSettings = {
				ALWAYS_SEARCH_USER_PATHS = NO;
				CLANG_ANALYZER_NONNULL = YES;
				CLANG_ANALYZER_NUMBER_INIT_MOVE = YES;
				CLANG_CXX_LANGUAGE_STANDARD = "gnu++20";
				CLANG_ENABLE_MODULES = YES;
				CLANG_ENABLE_OBJC_ARC = YES;
				CLANG_ENABLE_OBJC_WEAK = YES;
				CLANG_WARN_BLOCK_CAPTURE_AUTORELEASING = YES;
				CLANG_WARN_BOOL_CONVERSION = YES;
				CLANG_WARN_COMMA = YES;
				CLANG_WARN_CONSTANT_CONVERSION = YES;
				CLANG_WARN_DEPRECATED_OBJC_IMPLEMENTATIONS = YES;
				CLANG_WARN_DIRECT_OBJC_ISA_USAGE = YES_ERROR;
				CLANG_WARN_DOCUMENTATION_COMMENTS = YES;
				CLANG_WARN_EMPTY_BODY = YES;
				CLANG_WARN_ENUM_CONVERSION = YES;
				CLANG_WARN_INFINITE_RECURSION = YES;
				CLANG_WARN_INT_CONVERSION = YES;
				CLANG_WARN_NON_LITERAL_NULL_CONVERSION = YES;
				CLANG_WARN_OBJC_IMPLICIT_RETAIN_SELF = YES;
				CLANG_WARN_OBJC_LITERAL_CONVERSION = YES;
				CLANG_WARN_OBJC_ROOT_CLASS = YES_ERROR;
				CLANG_WARN_QUOTED_INCLUDE_IN_FRAMEWORK_HEADER = YES;
				CLANG_WARN_RANGE_LOOP_ANALYSIS = YES;
				CLANG_WARN_STRICT_PROTOTYPES = YES;
				CLANG_WARN_SUSPICIOUS_MOVE = YES;
				CLANG_WARN_UNGUARDED_AVAILABILITY = YES_AGGRESSIVE;
				CLANG_WARN_UNREACHABLE_CODE = YES;
				CLANG_WARN__DUPLICATE_METHOD_MATCH = YES;
				COPY_PHASE_STRIP = NO;
				DEAD_CODE_STRIPPING = YES;
				DEBUG_INFORMATION_FORMAT = dwarf;
				ENABLE_STRICT_OBJC_MSGSEND = YES;
				ENABLE_TESTABILITY = YES;
				ENABLE_USER_SCRIPT_SANDBOXING = YES;
				GCC_C_LANGUAGE_STANDARD = gnu17;
				GCC_DYNAMIC_NO_PIC = NO;
				GCC_NO_COMMON_BLOCKS = YES;
				GCC_OPTIMIZATION_LEVEL = 0;
				GCC_PREPROCESSOR_DEFINITIONS = (
					"DEBUG=1",
					"$(inherited)",
				);
				GCC_WARN_64_TO_32_BIT_CONVERSION = YES;
				GCC_WARN_ABOUT_RETURN_TYPE = YES_ERROR;
				GCC_WARN_UNDECLARED_SELECTOR = YES;
				GCC_WARN_UNINITIALIZED_AUTOS = YES_AGGRESSIVE;
				GCC_WARN_UNUSED_FUNCTION = YES;
				GCC_WARN_UNUSED_VARIABLE = YES;
				MACOSX_DEPLOYMENT_TARGET = 14.0;
				MTL_ENABLE_DEBUG_INFO = INCLUDE_SOURCE;
				MTL_FAST_MATH = YES;
				ONLY_ACTIVE_ARCH = YES;
				SDKROOT = macosx;
				STRING_CATALOG_GENERATE_SYMBOLS = YES;
				SWIFT_ACTIVE_COMPILATION_CONDITIONS = DEBUG;
				SWIFT_OPTIMIZATION_LEVEL = "-Onone";
			};
			name = Debug;
		};
		4A00000000000000000002 /* Release */ = {
			isa = XCBuildConfiguration;
			buildSettings = {
				ALWAYS_SEARCH_USER_PATHS = NO;
				CLANG_ANALYZER_NONNULL = YES;
				CLANG_ANALYZER_NUMBER_INIT_MOVE = YES;
				CLANG_CXX_LANGUAGE_STANDARD = "gnu++20";
				CLANG_ENABLE_MODULES = YES;
				CLANG_ENABLE_OBJC_ARC = YES;
				CLANG_ENABLE_OBJC_WEAK = YES;
				CLANG_WARN_BLOCK_CAPTURE_AUTORELEASING = YES;
				CLANG_WARN_BOOL_CONVERSION = YES;
				CLANG_WARN_COMMA = YES;
				CLANG_WARN_CONSTANT_CONVERSION = YES;
				CLANG_WARN_DEPRECATED_OBJC_IMPLEMENTATIONS = YES;
				CLANG_WARN_DIRECT_OBJC_ISA_USAGE = YES_ERROR;
				CLANG_WARN_DOCUMENTATION_COMMENTS = YES;
				CLANG_WARN_EMPTY_BODY = YES;
				CLANG_WARN_ENUM_CONVERSION = YES;
				CLANG_WARN_INFINITE_RECURSION = YES;
				CLANG_WARN_INT_CONVERSION = YES;
				CLANG_WARN_NON_LITERAL_NULL_CONVERSION = YES;
				CLANG_WARN_OBJC_IMPLICIT_RETAIN_SELF = YES;
				CLANG_WARN_OBJC_LITERAL_CONVERSION = YES;
				CLANG_WARN_OBJC_ROOT_CLASS = YES_ERROR;
				CLANG_WARN_QUOTED_INCLUDE_IN_FRAMEWORK_HEADER = YES;
				CLANG_WARN_RANGE_LOOP_ANALYSIS = YES;
				CLANG_WARN_STRICT_PROTOTYPES = YES;
				CLANG_WARN_SUSPICIOUS_MOVE = YES;
				CLANG_WARN_UNGUARDED_AVAILABILITY = YES_AGGRESSIVE;
				CLANG_WARN_UNREACHABLE_CODE = YES;
				CLANG_WARN__DUPLICATE_METHOD_MATCH = YES;
				COPY_PHASE_STRIP = NO;
				DEAD_CODE_STRIPPING = YES;
				DEBUG_INFORMATION_FORMAT = "dwarf-with-dsym";
				ENABLE_NS_ASSERTIONS = NO;
				ENABLE_STRICT_OBJC_MSGSEND = YES;
				ENABLE_USER_SCRIPT_SANDBOXING = YES;
				GCC_C_LANGUAGE_STANDARD = gnu17;
				GCC_NO_COMMON_BLOCKS = YES;
				GCC_WARN_64_TO_32_BIT_CONVERSION = YES;
				GCC_WARN_ABOUT_RETURN_TYPE = YES_ERROR;
				GCC_WARN_UNDECLARED_SELECTOR = YES;
				GCC_WARN_UNINITIALIZED_AUTOS = YES_AGGRESSIVE;
				GCC_WARN_UNUSED_FUNCTION = YES;
				GCC_WARN_UNUSED_VARIABLE = YES;
				MACOSX_DEPLOYMENT_TARGET = 14.0;
				MTL_FAST_MATH = YES;
				ONLY_ACTIVE_ARCH = YES;
				SDKROOT = macosx;
				STRING_CATALOG_GENERATE_SYMBOLS = YES;
				SWIFT_COMPILATION_MODE = wholemodule;
				SWIFT_OPTIMIZATION_LEVEL = "-O";
			};
			name = Release;
		};
		4A00000000000000000003 /* Debug */ = {
			isa = XCBuildConfiguration;
			buildSettings = {
				ASSETCATALOG_COMPILER_APPICON_NAME = AppIcon;
				ASSETCATALOG_COMPILER_INCLUDE_ALL_APPICON_ASSETS = YES;
				CODE_SIGN_STYLE = Automatic;
				COMBINE_HIDPI_IMAGES = YES;
				CURRENT_PROJECT_VERSION = 1;
				DEAD_CODE_STRIPPING = YES;
				GENERATE_INFOPLIST_FILE = NO;
				INFOPLIST_FILE = MenuBard/Info.plist;
				INFOPLIST_KEY_CFBundleDisplayName = Jet10;
				LD_RUNPATH_SEARCH_PATHS = (
					"$(inherited)",
					"@executable_path/../Frameworks",
				);
				MACOSX_DEPLOYMENT_TARGET = 14.0;
				MARKETING_VERSION = 1.0;
				PRODUCT_BUNDLE_IDENTIFIER = com.zu.just10;
					PRODUCT_NAME = Jet10;
				SWIFT_EMIT_LOC_STRINGS = YES;
				SWIFT_VERSION = 5.0;
			};
			name = Debug;
		};
		4A00000000000000000004 /* Release */ = {
			isa = XCBuildConfiguration;
			buildSettings = {
				ASSETCATALOG_COMPILER_APPICON_NAME = AppIcon;
				ASSETCATALOG_COMPILER_INCLUDE_ALL_APPICON_ASSETS = YES;
				"CODE_SIGN_IDENTITY[sdk=macosx*]" = "-";
				CODE_SIGN_STYLE = Manual;
				COMBINE_HIDPI_IMAGES = YES;
				CURRENT_PROJECT_VERSION = 1;
				DEAD_CODE_STRIPPING = YES;
				DEVELOPMENT_TEAM = "";
				GENERATE_INFOPLIST_FILE = NO;
				INFOPLIST_FILE = MenuBard/Info.plist;
				INFOPLIST_KEY_CFBundleDisplayName = Jet10;
				LD_RUNPATH_SEARCH_PATHS = (
					"$(inherited)",
					"@executable_path/../Frameworks",
				);
				MACOSX_DEPLOYMENT_TARGET = 14.0;
				MARKETING_VERSION = 1.0;
				PRODUCT_BUNDLE_IDENTIFIER = com.zu.just10;
					PRODUCT_NAME = Jet10;
				PROVISIONING_PROFILE_SPECIFIER = "";
				SWIFT_EMIT_LOC_STRINGS = YES;
				SWIFT_VERSION = 5.0;
			};
			name = Release;
		};
/* End XCBuildConfiguration section */

/* Begin XCConfigurationList section */
		5A00000000000000000001 /* Build configuration list for PBXProject "MenuBard" */ = {
			isa = XCConfigurationList;
			buildConfigurations = (
				4A00000000000000000001 /* Debug */,
				4A00000000000000000002 /* Release */,
			);
			defaultConfigurationIsVisible = 0;
			defaultConfigurationName = Release;
		};
		5A00000000000000000002 /* Build configuration list for PBXNativeTarget "MenuBard" */ = {
			isa = XCConfigurationList;
			buildConfigurations = (
				4A00000000000000000003 /* Debug */,
				4A00000000000000000004 /* Release */,
			);
			defaultConfigurationIsVisible = 0;
			defaultConfigurationName = Release;
		};
/* End XCConfigurationList section */
	};
	rootObject = 7A00000000000000000001 /* Project object */;
}
